
Microsoft Visual Studio Solution File, Format Version 11.00
# Visual Studio 2010
Project("{F2A71F9B-5D33-465A-A702-920D77279786}") = "Scrabble.Core", "FSharpScrabble\Scrabble.Core.fsproj", "{82EDB7D2-782C-4985-84F8-EC61D8AF52C8}"
EndProject
Project("{FAE04EC0-301F-11D3-BF4B-00C04F79EFBC}") = "Scrabble.Web", "Scrabble.Web\Scrabble.Web.csproj", "{3F11B8CB-BB6B-4ADA-9BD3-D5D40B66B228}"
EndProject
Global
	GlobalSection(SolutionConfigurationPlatforms) = preSolution
		Debug|Any CPU = Debug|Any CPU
		Debug|Mixed Platforms = Debug|Mixed Platforms
		Debug|x86 = Debug|x86
		Release|Any CPU = Release|Any CPU
		Release|Mixed Platforms = Release|Mixed Platforms
		Release|x86 = Release|x86
	EndGlobalSection
	GlobalSection(ProjectConfigurationPlatforms) = postSolution
		{82EDB7D2-782C-4985-84F8-EC61D8AF52C8}.Debug|Any CPU.ActiveCfg = Debug|Any CPU
		{82EDB7D2-782C-4985-84F8-EC61D8AF52C8}.Debug|Any CPU.Build.0 = Debug|Any CPU
		{82EDB7D2-782C-4985-84F8-EC61D8AF52C8}.Debug|Mixed Platforms.ActiveCfg = Debug|Any CPU
		{82EDB7D2-782C-4985-84F8-EC61D8AF52C8}.Debug|Mixed Platforms.Build.0 = Debug|Any CPU
		{82EDB7D2-782C-4985-84F8-EC61D8AF52C8}.Debug|x86.ActiveCfg = Debug|Any CPU
		{82EDB7D2-782C-4985-84F8-EC61D8AF52C8}.Release|Any CPU.ActiveCfg = Release|Any CPU
		{82EDB7D2-782C-4985-84F8-EC61D8AF52C8}.Release|Any CPU.Build.0 = Release|Any CPU
		{82EDB7D2-782C-4985-84F8-EC61D8AF52C8}.Release|Mixed Platforms.ActiveCfg = Release|Any CPU
		{82EDB7D2-782C-4985-84F8-EC61D8AF52C8}.Release|Mixed Platforms.Build.0 = Release|Any CPU
		{82EDB7D2-782C-4985-84F8-EC61D8AF52C8}.Release|x86.ActiveCfg = Release|Any CPU
		{3F11B8CB-BB6B-4ADA-9BD3-D5D40B66B228}.Debug|Any CPU.ActiveCfg = Debug|Any CPU
		{3F11B8CB-BB6B-4ADA-9BD3-D5D40B66B228}.Debug|Any CPU.Build.0 = Debug|Any CPU
		{3F11B8CB-BB6B-4ADA-9BD3-D5D40B66B228}.Debug|Mixed Platforms.ActiveCfg = Debug|Any CPU
		{3F11B8CB-BB6B-4ADA-9BD3-D5D40B66B228}.Debug|Mixed Platforms.Build.0 = Debug|Any CPU
		{3F11B8CB-BB6B-4ADA-9BD3-D5D40B66B228}.Debug|x86.ActiveCfg = Debug|Any CPU
		{3F11B8CB-BB6B-4ADA-9BD3-D5D40B66B228}.Release|Any CPU.ActiveCfg = Release|Any CPU
		{3F11B8CB-BB6B-4ADA-9BD3-D5D40B66B228}.Release|Any CPU.Build.0 = Release|Any CPU
		{3F11B8CB-BB6B-4ADA-9BD3-D5D40B66B228}.Release|Mixed Platforms.ActiveCfg = Release|Any CPU
		{3F11B8CB-BB6B-4ADA-9BD3-D5D40B66B228}.Release|Mixed Platforms.Build.0 = Release|Any CPU
		{3F11B8CB-BB6B-4ADA-9BD3-D5D40B66B228}.Release|x86.ActiveCfg = Release|Any CPU
	EndGlobalSection
	GlobalSection(SolutionProperties) = preSolution
		HideSolutionNode = FALSE
	EndGlobalSection
EndGlobal
